
Microsoft Visual Studio Solution File, Format Version 12.00
# Visual Studio Version 17
VisualStudioVersion = 17.3.32901.215
MinimumVisualStudioVersion = 10.0.40219.1
Project("{FAE04EC0-301F-11D3-BF4B-00C04F79EFBC}") = "20210140085_Ika Tania Chaerani", "20210140085_Ika Tania Chaerani\20210140085_Ika Tania Chaerani.csproj", "{122BACAF-FEAF-4E0E-B06F-D41A3D7ED9C0}"
EndProject
Global
	GlobalSection(SolutionConfigurationPlatforms) = preSolution
		Debug|Any CPU = Debug|Any CPU
		Release|Any CPU = Release|Any CPU
	EndGlobalSection
	GlobalSection(ProjectConfigurationPlatforms) = postSolution
		{122BACAF-FEAF-4E0E-B06F-D41A3D7ED9C0}.Debug|Any CPU.ActiveCfg = Debug|Any CPU
		{122BACAF-FEAF-4E0E-B06F-D41A3D7ED9C0}.Debug|Any CPU.Build.0 = Debug|Any CPU
		{122BACAF-FEAF-4E0E-B06F-D41A3D7ED9C0}.Release|Any CPU.ActiveCfg = Release|Any CPU
		{122BACAF-FEAF-4E0E-B06F-D41A3D7ED9C0}.Release|Any CPU.Build.0 = Release|Any CPU
	EndGlobalSection
	GlobalSection(SolutionProperties) = preSolution
		HideSolutionNode = FALSE
	EndGlobalSection
	GlobalSection(ExtensibilityGlobals) = postSolution
		SolutionGuid = {7F6CF504-DBCB-4E7F-A16D-6E22A75CA320}
	EndGlobalSection
EndGlobal
